
Microsoft Visual Studio Solution File, Format Version 12.00
# Visual Studio Version 17
VisualStudioVersion = 17.9.34701.34
MinimumVisualStudioVersion = 10.0.40219.1
Project("{9A19103F-16F7-4668-BE54-9A1E7A4F7556}") = "AssemblyBrowserLab", "AssemblyBrowserLab\AssemblyBrowserLab.csproj", "{79F6C12B-D7BE-4C84-8F9F-F23A9529A532}"
EndProject
Project("{9A19103F-16F7-4668-BE54-9A1E7A4F7556}") = "AssemblyBrowserTests", "AssemblyBrowserTests\AssemblyBrowserTests.csproj", "{407747F2-C1FB-4261-B4A8-9C967BA32409}"
EndProject
Project("{9A19103F-16F7-4668-BE54-9A1E7A4F7556}") = "AssemblyExample", "AssemblyExample\AssemblyExample.csproj", "{E051F7C1-00E7-4580-B576-F9B405470F13}"
EndProject
Project("{FAE04EC0-301F-11D3-BF4B-00C04F79EFBC}") = "AssemblyBrowserLib", "AssemblyBrowserLib\AssemblyBrowserLib.csproj", "{D2F8EBB1-C41E-43CC-9B8E-B3BAC907216D}"
EndProject
Global
	GlobalSection(SolutionConfigurationPlatforms) = preSolution
		Debug|Any CPU = Debug|Any CPU
		Release|Any CPU = Release|Any CPU
	EndGlobalSection
	GlobalSection(ProjectConfigurationPlatforms) = postSolution
		{79F6C12B-D7BE-4C84-8F9F-F23A9529A532}.Debug|Any CPU.ActiveCfg = Debug|Any CPU
		{79F6C12B-D7BE-4C84-8F9F-F23A9529A532}.Debug|Any CPU.Build.0 = Debug|Any CPU
		{79F6C12B-D7BE-4C84-8F9F-F23A9529A532}.Release|Any CPU.ActiveCfg = Release|Any CPU
		{79F6C12B-D7BE-4C84-8F9F-F23A9529A532}.Release|Any CPU.Build.0 = Release|Any CPU
		{407747F2-C1FB-4261-B4A8-9C967BA32409}.Debug|Any CPU.ActiveCfg = Debug|Any CPU
		{407747F2-C1FB-4261-B4A8-9C967BA32409}.Debug|Any CPU.Build.0 = Debug|Any CPU
		{407747F2-C1FB-4261-B4A8-9C967BA32409}.Release|Any CPU.ActiveCfg = Release|Any CPU
		{407747F2-C1FB-4261-B4A8-9C967BA32409}.Release|Any CPU.Build.0 = Release|Any CPU
		{E051F7C1-00E7-4580-B576-F9B405470F13}.Debug|Any CPU.ActiveCfg = Debug|Any CPU
		{E051F7C1-00E7-4580-B576-F9B405470F13}.Debug|Any CPU.Build.0 = Debug|Any CPU
		{E051F7C1-00E7-4580-B576-F9B405470F13}.Release|Any CPU.ActiveCfg = Release|Any CPU
		{E051F7C1-00E7-4580-B576-F9B405470F13}.Release|Any CPU.Build.0 = Release|Any CPU
		{D2F8EBB1-C41E-43CC-9B8E-B3BAC907216D}.Debug|Any CPU.ActiveCfg = Debug|Any CPU
		{D2F8EBB1-C41E-43CC-9B8E-B3BAC907216D}.Debug|Any CPU.Build.0 = Debug|Any CPU
		{D2F8EBB1-C41E-43CC-9B8E-B3BAC907216D}.Release|Any CPU.ActiveCfg = Release|Any CPU
		{D2F8EBB1-C41E-43CC-9B8E-B3BAC907216D}.Release|Any CPU.Build.0 = Release|Any CPU
	EndGlobalSection
	GlobalSection(SolutionProperties) = preSolution
		HideSolutionNode = FALSE
	EndGlobalSection
	GlobalSection(ExtensibilityGlobals) = postSolution
		SolutionGuid = {C9D122F1-FCE0-4186-91B2-5A92D6D14525}
	EndGlobalSection
EndGlobal
